PODS:
  - barcode_scan2 (0.0.1):
    - Flutter
    - MTBBarcodeScanner
    - SwiftProtobuf
  - blurhash (0.0.1):
    - Flutter
  - connectivity_plus (0.0.1):
    - Flutter
  - device_info_plus (0.0.1):
    - Flutter
  - DKImagePickerController/Core (4.3.9):
    - DKImagePickerController/ImageDataManager
    - DKImagePickerController/Resource
  - DKImagePickerController/ImageDataManager (4.3.9)
  - DKImagePickerController/PhotoGallery (4.3.9):
    - DKImagePickerController/Core
    - DKPhotoGallery
  - DKImagePickerController/Resource (4.3.9)
  - DKPhotoGallery (0.0.19):
    - DKPhotoGallery/Core (= 0.0.19)
    - DKPhotoGallery/Model (= 0.0.19)
    - DKPhotoGallery/Preview (= 0.0.19)
    - DKPhotoGallery/Resource (= 0.0.19)
    - SDWebImage
    - SwiftyGif
  - DKPhotoGallery/Core (0.0.19):
    - DKPhotoGallery/Model
    - DKPhotoGallery/Preview
    - SDWebImage
    - SwiftyGif
  - DKPhotoGallery/Model (0.0.19):
    - SDWebImage
    - SwiftyGif
  - DKPhotoGallery/Preview (0.0.19):
    - DKPhotoGallery/Model
    - DKPhotoGallery/Resource
    - SDWebImage
    - SwiftyGif
  - DKPhotoGallery/Resource (0.0.19):
    - SDWebImage
    - SwiftyGif
  - file_picker (0.0.1):
    - DKImagePickerController/PhotoGallery
    - Flutter
  - Flutter (1.0.0)
  - flutter_keyboard_visibility (0.0.1):
    - Flutter
  - image_cropper (0.0.4):
    - Flutter
    - TOCropViewController (~> 2.7.4)
  - image_picker_ios (0.0.1):
    - Flutter
  - MTBBarcodeScanner (5.0.11)
  - package_info_plus (0.4.5):
    - Flutter
  - path_provider_foundation (0.0.1):
    - Flutter
    - FlutterMacOS
  - permission_handler_apple (9.3.0):
    - Flutter
  - pointer_interceptor_ios (0.0.1):
    - Flutter
  - SDWebImage (5.20.0):
    - SDWebImage/Core (= 5.20.0)
  - SDWebImage/Core (5.20.0)
  - share_plus (0.0.1):
    - Flutter
  - shared_preferences_foundation (0.0.1):
    - Flutter
    - FlutterMacOS
  - sqflite_darwin (0.0.4):
    - Flutter
    - FlutterMacOS
  - SwiftProtobuf (1.28.2)
  - SwiftyGif (5.4.5)
  - TOCropViewController (2.7.4)
  - url_launcher_ios (0.0.1):
    - Flutter

DEPENDENCIES:
  - barcode_scan2 (from `.symlinks/plugins/barcode_scan2/ios`)
  - blurhash (from `.symlinks/plugins/blurhash/ios`)
  - connectivity_plus (from `.symlinks/plugins/connectivity_plus/ios`)
  - device_info_plus (from `.symlinks/plugins/device_info_plus/ios`)
  - file_picker (from `.symlinks/plugins/file_picker/ios`)
  - Flutter (from `Flutter`)
  - flutter_keyboard_visibility (from `.symlinks/plugins/flutter_keyboard_visibility/ios`)
  - image_cropper (from `.symlinks/plugins/image_cropper/ios`)
  - image_picker_ios (from `.symlinks/plugins/image_picker_ios/ios`)
  - package_info_plus (from `.symlinks/plugins/package_info_plus/ios`)
  - path_provider_foundation (from `.symlinks/plugins/path_provider_foundation/darwin`)
  - permission_handler_apple (from `.symlinks/plugins/permission_handler_apple/ios`)
  - pointer_interceptor_ios (from `.symlinks/plugins/pointer_interceptor_ios/ios`)
  - share_plus (from `.symlinks/plugins/share_plus/ios`)
  - shared_preferences_foundation (from `.symlinks/plugins/shared_preferences_foundation/darwin`)
  - sqflite_darwin (from `.symlinks/plugins/sqflite_darwin/darwin`)
  - url_launcher_ios (from `.symlinks/plugins/url_launcher_ios/ios`)

SPEC REPOS:
  trunk:
    - DKImagePickerController
    - DKPhotoGallery
    - MTBBarcodeScanner
    - SDWebImage
    - SwiftProtobuf
    - SwiftyGif
    - TOCropViewController

EXTERNAL SOURCES:
  barcode_scan2:
    :path: ".symlinks/plugins/barcode_scan2/ios"
  blurhash:
    :path: ".symlinks/plugins/blurhash/ios"
  connectivity_plus:
    :path: ".symlinks/plugins/connectivity_plus/ios"
  device_info_plus:
    :path: ".symlinks/plugins/device_info_plus/ios"
  file_picker:
    :path: ".symlinks/plugins/file_picker/ios"
  Flutter:
    :path: Flutter
  flutter_keyboard_visibility:
    :path: ".symlinks/plugins/flutter_keyboard_visibility/ios"
  image_cropper:
    :path: ".symlinks/plugins/image_cropper/ios"
  image_picker_ios:
    :path: ".symlinks/plugins/image_picker_ios/ios"
  package_info_plus:
    :path: ".symlinks/plugins/package_info_plus/ios"
  path_provider_foundation:
    :path: ".symlinks/plugins/path_provider_foundation/darwin"
  permission_handler_apple:
    :path: ".symlinks/plugins/permission_handler_apple/ios"
  pointer_interceptor_ios:
    :path: ".symlinks/plugins/pointer_interceptor_ios/ios"
  share_plus:
    :path: ".symlinks/plugins/share_plus/ios"
  shared_preferences_foundation:
    :path: ".symlinks/plugins/shared_preferences_foundation/darwin"
  sqflite_darwin:
    :path: ".symlinks/plugins/sqflite_darwin/darwin"
  url_launcher_ios:
    :path: ".symlinks/plugins/url_launcher_ios/ios"

SPEC CHECKSUMS:
  barcode_scan2: f80517f040989095c9b5067be77649bf6114442c
  blurhash: 7d0156d68a21f3d4276b71c2fae094d9c0753959
  connectivity_plus: cb623214f4e1f6ef8fe7403d580fdad517d2f7dd
  device_info_plus: 21fcca2080fbcd348be798aa36c3e5ed849eefbe
  DKImagePickerController: 946cec48c7873164274ecc4624d19e3da4c1ef3c
  DKPhotoGallery: b3834fecb755ee09a593d7c9e389d8b5d6deed60
  file_picker: a0560bc09d61de87f12d246fc47d2119e6ef37be
  Flutter: cabc95a1d2626b1b06e7179b784ebcf0c0cde467
  flutter_keyboard_visibility: 4625131e43015dbbe759d9b20daaf77e0e3f6619
  image_cropper: c4326ea50132b1e1564499e5d32a84f01fb03537
  image_picker_ios: 7fe1ff8e34c1790d6fff70a32484959f563a928a
  MTBBarcodeScanner: f453b33c4b7dfe545d8c6484ed744d55671788cb
  package_info_plus: af8e2ca6888548050f16fa2f1938db7b5a5df499
  path_provider_foundation: 080d55be775b7414fd5a5ef3ac137b97b097e564
  permission_handler_apple: 4ed2196e43d0651e8ff7ca3483a069d469701f2d
  pointer_interceptor_ios: ec847ef8b0915778bed2b2cef636f4d177fa8eed
  SDWebImage: 73c6079366fea25fa4bb9640d5fb58f0893facd8
  share_plus: 50da8cb520a8f0f65671c6c6a99b3617ed10a58a
  shared_preferences_foundation: 9e1978ff2562383bd5676f64ec4e9aa8fa06a6f7
  sqflite_darwin: 20b2a3a3b70e43edae938624ce550a3cbf66a3d0
  SwiftProtobuf: 4dbaffec76a39a8dc5da23b40af1a5dc01a4c02d
  SwiftyGif: 706c60cf65fa2bc5ee0313beece843c8eb8194d4
  TOCropViewController: 80b8985ad794298fb69d3341de183f33d1853654
  url_launcher_ios: 694010445543906933d732453a59da0a173ae33d

PODFILE CHECKSUM: 4f1c12611da7338d21589c0b2ecd6bd20b109694

COCOAPODS: 1.16.2
